# This file is generated by running "yarn install" inside your project.
# Manual changes might be lost - proceed with caution!

__metadata:
  version: 10
  cacheKey: 10c0

"@emnapi/core@npm:1.11.2":
  version: 1.11.2
  resolution: "@emnapi/core@npm:1.11.2"
  dependencies:
    "@emnapi/wasi-threads": "npm:1.2.2"
    tslib: "npm:^2.4.0"
  checksum: 10c0/424ca1607f498e524eb58db1095e6cc2082986edfd84a74b116d4e2c6e43b5e9d557ea7f0d7b9adf7f6d5023e25ac2ed6bd08caf0043d3d8602598d79579c2cd
  languageName: node
  linkType: hard

"@emnapi/runtime@npm:1.11.2":
  version: 1.11.2
  resolution: "@emnapi/runtime@npm:1.11.2"
  dependencies:
    tslib: "npm:^2.4.0"
  checksum: 10c0/d8d500059fe9c0864571c79ce29439c1b6fb44d7ec4ac865a2aaaa7469194e5d91ebdc820cabd37c3d373478b725a8b60771733e4743cfef41fc86d9a1f2eab0
  languageName: node
  linkType: hard

"@emnapi/wasi-threads@npm:1.2.2":
  version: 1.2.2
  resolution: "@emnapi/wasi-threads@npm:1.2.2"
  dependencies:
    tslib: "npm:^2.4.0"
  checksum: 10c0/f0dc8269d6b20ae5a7c7b36e7a6a333452009d461038ef4febb29da2f3f78c1e2b1576d7e8970a5c5789ed3caedc1f80f5b0c2a5373bdaf8d03b20432bb55747
  languageName: node
  linkType: hard

"@napi-rs/tar-android-arm-eabi@npm:1.1.1":
  version: 1.1.1
  resolution: "@napi-rs/tar-android-arm-eabi@npm:1.1.1"
  conditions: os=android & cpu=arm
  languageName: node
  linkType: hard

"@napi-rs/tar-android-arm64@npm:1.1.1":
  version: 1.1.1
  resolution: "@napi-rs/tar-android-arm64@npm:1.1.1"
  conditions: os=android & cpu=arm64
  languageName: node
  linkType: hard

"@napi-rs/tar-darwin-arm64@npm:1.1.1":
  version: 1.1.1
  resolution: "@napi-rs/tar-darwin-arm64@npm:1.1.1"
  conditions: os=darwin & cpu=arm64
  languageName: node
  linkType: hard

"@napi-rs/tar-darwin-x64@npm:1.1.1":
  version: 1.1.1
  resolution: "@napi-rs/tar-darwin-x64@npm:1.1.1"
  conditions: os=darwin & cpu=x64
  languageName: node
  linkType: hard

"@napi-rs/tar-freebsd-x64@npm:1.1.1":
  version: 1.1.1
  resolution: "@napi-rs/tar-freebsd-x64@npm:1.1.1"
  conditions: os=freebsd & cpu=x64
  languageName: node
  linkType: hard

"@napi-rs/tar-linux-arm-gnueabihf@npm:1.1.1":
  version: 1.1.1
  resolution: "@napi-rs/tar-linux-arm-gnueabihf@npm:1.1.1"
  conditions: os=linux & cpu=arm
  languageName: node
  linkType: hard

"@napi-rs/tar-linux-arm64-gnu@npm:1.1.1":
  version: 1.1.1
  resolution: "@napi-rs/tar-linux-arm64-gnu@npm:1.1.1"
  conditions: os=linux & cpu=arm64 & libc=glibc
  languageName: node
  linkType: hard

"@napi-rs/tar-linux-arm64-musl@npm:1.1.1":
  version: 1.1.1
  resolution: "@napi-rs/tar-linux-arm64-musl@npm:1.1.1"
  conditions: os=linux & cpu=arm64 & libc=musl
  languageName: node
  linkType: hard

"@napi-rs/tar-linux-ppc64-gnu@npm:1.1.1":
  version: 1.1.1
  resolution: "@napi-rs/tar-linux-ppc64-gnu@npm:1.1.1"
  conditions: os=linux & cpu=ppc64 & libc=glibc
  languageName: node
  linkType: hard

"@napi-rs/tar-linux-s390x-gnu@npm:1.1.1":
  version: 1.1.1
  resolution: "@napi-rs/tar-linux-s390x-gnu@npm:1.1.1"
  conditions: os=linux & cpu=s390x & libc=glibc
  languageName: node
  linkType: hard

"@napi-rs/tar-linux-x64-gnu@npm:1.1.1":
  version: 1.1.1
  resolution: "@napi-rs/tar-linux-x64-gnu@npm:1.1.1"
  conditions: os=linux & cpu=x64 & libc=glibc
  languageName: node
  linkType: hard

"@napi-rs/tar-linux-x64-musl@npm:1.1.1":
  version: 1.1.1
  resolution: "@napi-rs/tar-linux-x64-musl@npm:1.1.1"
  conditions: os=linux & cpu=x64 & libc=musl
  languageName: node
  linkType: hard

"@napi-rs/tar-wasm32-wasi@npm:1.1.1":
  version: 1.1.1
  resolution: "@napi-rs/tar-wasm32-wasi@npm:1.1.1"
  dependencies:
    "@emnapi/core": "npm:1.11.2"
    "@emnapi/runtime": "npm:1.11.2"
    "@napi-rs/wasm-runtime": "npm:^1.1.6"
  conditions: cpu=wasm32
  languageName: node
  linkType: hard

"@napi-rs/tar-win32-arm64-msvc@npm:1.1.1":
  version: 1.1.1
  resolution: "@napi-rs/tar-win32-arm64-msvc@npm:1.1.1"
  conditions: os=win32 & cpu=arm64
  languageName: node
  linkType: hard

"@napi-rs/tar-win32-ia32-msvc@npm:1.1.1":
  version: 1.1.1
  resolution: "@napi-rs/tar-win32-ia32-msvc@npm:1.1.1"
  conditions: os=win32 & cpu=ia32
  languageName: node
  linkType: hard

"@napi-rs/tar-win32-x64-msvc@npm:1.1.1":
  version: 1.1.1
  resolution: "@napi-rs/tar-win32-x64-msvc@npm:1.1.1"
  conditions: os=win32 & cpu=x64
  languageName: node
  linkType: hard

"@napi-rs/tar@npm:^1.1.0":
  version: 1.1.1
  resolution: "@napi-rs/tar@npm:1.1.1"
  dependencies:
    "@napi-rs/tar-android-arm-eabi": "npm:1.1.1"
    "@napi-rs/tar-android-arm64": "npm:1.1.1"
    "@napi-rs/tar-darwin-arm64": "npm:1.1.1"
    "@napi-rs/tar-darwin-x64": "npm:1.1.1"
    "@napi-rs/tar-freebsd-x64": "npm:1.1.1"
    "@napi-rs/tar-linux-arm-gnueabihf": "npm:1.1.1"
    "@napi-rs/tar-linux-arm64-gnu": "npm:1.1.1"
    "@napi-rs/tar-linux-arm64-musl": "npm:1.1.1"
    "@napi-rs/tar-linux-ppc64-gnu": "npm:1.1.1"
    "@napi-rs/tar-linux-s390x-gnu": "npm:1.1.1"
    "@napi-rs/tar-linux-x64-gnu": "npm:1.1.1"
    "@napi-rs/tar-linux-x64-musl": "npm:1.1.1"
    "@napi-rs/tar-wasm32-wasi": "npm:1.1.1"
    "@napi-rs/tar-win32-arm64-msvc": "npm:1.1.1"
    "@napi-rs/tar-win32-ia32-msvc": "npm:1.1.1"
    "@napi-rs/tar-win32-x64-msvc": "npm:1.1.1"
  dependenciesMeta:
    "@napi-rs/tar-android-arm-eabi":
      optional: true
    "@napi-rs/tar-android-arm64":
      optional: true
    "@napi-rs/tar-darwin-arm64":
      optional: true
    "@napi-rs/tar-darwin-x64":
      optional: true
    "@napi-rs/tar-freebsd-x64":
      optional: true
    "@napi-rs/tar-linux-arm-gnueabihf":
      optional: true
    "@napi-rs/tar-linux-arm64-gnu":
      optional: true
    "@napi-rs/tar-linux-arm64-musl":
      optional: true
    "@napi-rs/tar-linux-ppc64-gnu":
      optional: true
    "@napi-rs/tar-linux-s390x-gnu":
      optional: true
    "@napi-rs/tar-linux-x64-gnu":
      optional: true
    "@napi-rs/tar-linux-x64-musl":
      optional: true
    "@napi-rs/tar-wasm32-wasi":
      optional: true
    "@napi-rs/tar-win32-arm64-msvc":
      optional: true
    "@napi-rs/tar-win32-ia32-msvc":
      optional: true
    "@napi-rs/tar-win32-x64-msvc":
      optional: true
  checksum: 10c0/f43620db74ea5510db0d12f9ec4c21f442006f5604e61edf042a84188dfa9f395c8fa271afe08b94e190bdf962e79c5a474581d41407f690da5d6b0b742e3b76
  languageName: node
  linkType: hard

"@napi-rs/wasm-runtime@npm:^1.1.6":
  version: 1.2.3
  resolution: "@napi-rs/wasm-runtime@npm:1.2.3"
  dependencies:
    "@tybys/wasm-util": "npm:^0.10.3"
  peerDependencies:
    "@emnapi/core": ^1.7.1 || ^2.0.0-alpha.4
    "@emnapi/runtime": ^1.7.1 || ^2.0.0-alpha.4
  checksum: 10c0/6da0a4bf9df79e9abfb3e3d462f6a5d42889be39426040038c9dd5925865585d7dbd06dd439c2ffc20f49ef2751412da5bd748cfb3c5b049142d72c0550f6f79
  languageName: node
  linkType: hard

"@tybys/wasm-util@npm:^0.10.3":
  version: 0.10.3
  resolution: "@tybys/wasm-util@npm:0.10.3"
  dependencies:
    tslib: "npm:^2.4.0"
  checksum: 10c0/fd2bd2a79c6cd8c79ed1cf7a0fa375c64589264c88a27acaf9756d556b453ea222b62a4f68dd2fbb8b3a78b6bab3b1f4fb2431b6afc6aeda8344b53a521a1cd3
  languageName: node
  linkType: hard

"root-workspace-0b6124@workspace:.":
  version: 0.0.0-use.local
  resolution: "root-workspace-0b6124@workspace:."
  dependencies:
    "@napi-rs/tar": "npm:^1.1.0"
    rxjs: "npm:^7.8.2"
  languageName: unknown
  linkType: soft

"rxjs@npm:^7.8.2":
  version: 7.8.2
  resolution: "rxjs@npm:7.8.2"
  dependencies:
    tslib: "npm:^2.1.0"
  checksum: 10c0/1fcd33d2066ada98ba8f21fcbbcaee9f0b271de1d38dc7f4e256bfbc6ffcdde68c8bfb69093de7eeb46f24b1fb820620bf0223706cff26b4ab99a7ff7b2e2c45
  languageName: node
  linkType: hard

"tslib@npm:^2.1.0, tslib@npm:^2.4.0":
  version: 2.8.1
  resolution: "tslib@npm:2.8.1"
  checksum: 10c0/9c4759110a19c53f992d9aae23aac5ced636e99887b51b9e61def52611732872ff7668757d4e4c61f19691e36f4da981cd9485e869b4a7408d689f6bf1f14e62
  languageName: node
  linkType: hard
